// !$*UTF8*$!
{
	archiveVersion = 1;
	classes = {
	};
	objectVersion = 77;
	objects = {

/* Begin PBXBuildFile section */
		96AD82532D8C3AA2004B0876 /* Auth in Frameworks */ = {isa = PBXBuildFile; productRef = 96AD82522D8C3AA2004B0876 /* Auth */; };
		96AD82552D8C3AA2004B0876 /* Functions in Frameworks */ = {isa = PBXBuildFile; productRef = 96AD82542D8C3AA2004B0876 /* Functions */; };
		96AD82572D8C3AA2004B0876 /* PostgREST in Frameworks */ = {isa = PBXBuildFile; productRef = 96AD82562D8C3AA2004B0876 /* PostgREST */; };
		96AD82592D8C3AA2004B0876 /* Realtime in Frameworks */ = {isa = PBXBuildFile; productRef = 96AD82582D8C3AA2004B0876 /* Realtime */; };
		96AD825B2D8C3AA2004B0876 /* Storage in Frameworks */ = {isa = PBXBuildFile; productRef = 96AD825A2D8C3AA2004B0876 /* Storage */; };
		96AD82622D8C84FD004B0876 /* Supabase in Frameworks */ = {isa = PBXBuildFile; productRef = 96AD82612D8C84FD004B0876 /* Supabase */; };
		96B6DB612D9094DE001BF589 /* SwiftSMTP in Frameworks */ = {isa = PBXBuildFile; productRef = 96B6DB602D9094DE001BF589 /* SwiftSMTP */; };
/* End PBXBuildFile section */

/* Begin PBXContainerItemProxy section */
		963DDB8D2D8946B800B03077 /* PBXContainerItemProxy */ = {
			isa = PBXContainerItemProxy;
			containerPortal = 963DDB742D8946B700B03077 /* Project object */;
			proxyType = 1;
			remoteGlobalIDString = 963DDB7B2D8946B700B03077;
			remoteInfo = "Fleet Master";
		};
		963DDB972D8946B800B03077 /* PBXContainerItemProxy */ = {
			isa = PBXContainerItemProxy;
			containerPortal = 963DDB742D8946B700B03077 /* Project object */;
			proxyType = 1;
			remoteGlobalIDString = 963DDB7B2D8946B700B03077;
			remoteInfo = "Fleet Master";
		};
/* End PBXContainerItemProxy section */

/* Begin PBXFileReference section */
		96405FFC2D9179760083F0C0 /* Fleet Master.app */ = {isa = PBXFileReference; explicitFileType = wrapper.application; includeInIndex = 0; path = "Fleet Master.app"; sourceTree = BUILT_PRODUCTS_DIR; };
		96405FFD2D9179760083F0C0 /* Fleet MasterTests.xctest */ = {isa = PBXFileReference; explicitFileType = wrapper.cfbundle; includeInIndex = 0; path = "Fleet MasterTests.xctest"; sourceTree = BUILT_PRODUCTS_DIR; };
		96405FFE2D9179760083F0C0 /* Fleet MasterUITests.xctest */ = {isa = PBXFileReference; explicitFileType = wrapper.cfbundle; includeInIndex = 0; path = "Fleet MasterUITests.xctest"; sourceTree = BUILT_PRODUCTS_DIR; };
/* End PBXFileReference section */

/* Begin PBXFileSystemSynchronizedRootGroup section */
		963DDB7E2D8946B700B03077 /* Fleet Master */ = {
			isa = PBXFileSystemSynchronizedRootGroup;
			path = "Fleet Master";
			sourceTree = "<group>";
		};
/* End PBXFileSystemSynchronizedRootGroup section */

/* Begin PBXFrameworksBuildPhase section */
		963DDB792D8946B700B03077 /* Frameworks */ = {
			isa = PBXFrameworksBuildPhase;
			buildActionMask = 2147483647;
			files = (
				96AD82572D8C3AA2004B0876 /* PostgREST in Frameworks */,
				96AD82552D8C3AA2004B0876 /* Functions in Frameworks */,
				96AD82622D8C84FD004B0876 /* Supabase in Frameworks */,
				96AD82532D8C3AA2004B0876 /* Auth in Frameworks */,
				96AD825B2D8C3AA2004B0876 /* Storage in Frameworks */,
				96B6DB612D9094DE001BF589 /* SwiftSMTP in Frameworks */,
				96AD82592D8C3AA2004B0876 /* Realtime in Frameworks */,
			);
			runOnlyForDeploymentPostprocessing = 0;
		};
		963DDB892D8946B800B03077 /* Frameworks */ = {
			isa = PBXFrameworksBuildPhase;
			buildActionMask = 2147483647;
			files = (
			);
			runOnlyForDeploymentPostprocessing = 0;
		};
		963DDB932D8946B800B03077 /* Frameworks */ = {
			isa = PBXFrameworksBuildPhase;
			buildActionMask = 2147483647;
			files = (
			);
			runOnlyForDeploymentPostprocessing = 0;
		};
/* End PBXFrameworksBuildPhase section */

/* Begin PBXGroup section */
		963DDB732D8946B700B03077 = {
			isa = PBXGroup;
			children = (
				963DDB7E2D8946B700B03077 /* Fleet Master */,
				96405FFC2D9179760083F0C0 /* Fleet Master.app */,
				96405FFD2D9179760083F0C0 /* Fleet MasterTests.xctest */,
				96405FFE2D9179760083F0C0 /* Fleet MasterUITests.xctest */,
			);
			sourceTree = "<group>";
		};
/* End PBXGroup section */

/* Begin PBXNativeTarget section */
		963DDB7B2D8946B700B03077 /* Fleet Master */ = {
			isa = PBXNativeTarget;
			buildConfigurationList = 963DDBA02D8946B800B03077 /* Build configuration list for PBXNativeTarget "Fleet Master" */;
			buildPhases = (
				963DDB782D8946B700B03077 /* Sources */,
				963DDB792D8946B700B03077 /* Frameworks */,
				963DDB7A2D8946B700B03077 /* Resources */,
			);
			buildRules = (
			);
			dependencies = (
			);
			fileSystemSynchronizedGroups = (
				963DDB7E2D8946B700B03077 /* Fleet Master */,
			);
			name = "Fleet Master";
			packageProductDependencies = (
				96AD82522D8C3AA2004B0876 /* Auth */,
				96AD82542D8C3AA2004B0876 /* Functions */,
				96AD82562D8C3AA2004B0876 /* PostgREST */,
				96AD82582D8C3AA2004B0876 /* Realtime */,
				96AD825A2D8C3AA2004B0876 /* Storage */,
				96AD82612D8C84FD004B0876 /* Supabase */,
				96B6DB602D9094DE001BF589 /* SwiftSMTP */,
			);
			productName = "Fleet Master";
			productReference = 96405FFC2D9179760083F0C0 /* Fleet Master.app */;
			productType = "com.apple.product-type.application";
		};
		963DDB8B2D8946B800B03077 /* Fleet MasterTests */ = {
			isa = PBXNativeTarget;
			buildConfigurationList = 963DDBA32D8946B800B03077 /* Build configuration list for PBXNativeTarget "Fleet MasterTests" */;
			buildPhases = (
				963DDB882D8946B800B03077 /* Sources */,
				963DDB892D8946B800B03077 /* Frameworks */,
				963DDB8A2D8946B800B03077 /* Resources */,
			);
			buildRules = (
			);
			dependencies = (
				963DDB8E2D8946B800B03077 /* PBXTargetDependency */,
			);
			name = "Fleet MasterTests";
			packageProductDependencies = (
			);
			productName = "Fleet MasterTests";
			productReference = 96405FFD2D9179760083F0C0 /* Fleet MasterTests.xctest */;
			productType = "com.apple.product-type.bundle.unit-test";
		};
		963DDB952D8946B800B03077 /* Fleet MasterUITests */ = {
			isa = PBXNativeTarget;
			buildConfigurationList = 963DDBA62D8946B800B03077 /* Build configuration list for PBXNativeTarget "Fleet MasterUITests" */;
			buildPhases = (
				963DDB922D8946B800B03077 /* Sources */,
				963DDB932D8946B800B03077 /* Frameworks */,
				963DDB942D8946B800B03077 /* Resources */,
			);
			buildRules = (
			);
			dependencies = (
				963DDB982D8946B800B03077 /* PBXTargetDependency */,
			);
			name = "Fleet MasterUITests";
			packageProductDependencies = (
			);
			productName = "Fleet MasterUITests";
			productReference = 96405FFE2D9179760083F0C0 /* Fleet MasterUITests.xctest */;
			productType = "com.apple.product-type.bundle.ui-testing";
		};
/* End PBXNativeTarget section */

/* Begin PBXProject section */
		963DDB742D8946B700B03077 /* Project object */ = {
			isa = PBXProject;
			attributes = {
				BuildIndependentTargetsInParallel = 1;
				LastSwiftUpdateCheck = 1620;
				LastUpgradeCheck = 1620;
				TargetAttributes = {
					963DDB7B2D8946B700B03077 = {
						CreatedOnToolsVersion = 16.2;
					};
					963DDB8B2D8946B800B03077 = {
						CreatedOnToolsVersion = 16.2;
						TestTargetID = 963DDB7B2D8946B700B03077;
					};
					963DDB952D8946B800B03077 = {
						CreatedOnToolsVersion = 16.2;
						TestTargetID = 963DDB7B2D8946B700B03077;
					};
				};
			};
			buildConfigurationList = 963DDB772D8946B700B03077 /* Build configuration list for PBXProject "Fleet Master" */;
			developmentRegion = en;
			hasScannedForEncodings = 0;
			knownRegions = (
				en,
				Base,
			);
			mainGroup = 963DDB732D8946B700B03077;
			minimizedProjectReferenceProxies = 1;
			packageReferences = (
				96AD82512D8C3AA2004B0876 /* XCRemoteSwiftPackageReference "supabase-swift" */,
				96B6DB5F2D9094DE001BF589 /* XCRemoteSwiftPackageReference "Swift-SMTP" */,
			);
			preferredProjectObjectVersion = 77;
			productRefGroup = 963DDB732D8946B700B03077;
			projectDirPath = "";
			projectRoot = "";
			targets = (
				963DDB7B2D8946B700B03077 /* Fleet Master */,
				963DDB8B2D8946B800B03077 /* Fleet MasterTests */,
				963DDB952D8946B800B03077 /* Fleet MasterUITests */,
			);
		};
/* End PBXProject section */

/* Begin PBXResourcesBuildPhase section */
		963DDB7A2D8946B700B03077 /* Resources */ = {
			isa = PBXResourcesBuildPhase;
			buildActionMask = 2147483647;
			files = (
			);
			runOnlyForDeploymentPostprocessing = 0;
		};
		963DDB8A2D8946B800B03077 /* Resources */ = {
			isa = PBXResourcesBuildPhase;
			buildActionMask = 2147483647;
			files = (
			);
			runOnlyForDeploymentPostprocessing = 0;
		};
		963DDB942D8946B800B03077 /* Resources */ = {
			isa = PBXResourcesBuildPhase;
			buildActionMask = 2147483647;
			files = (
			);
			runOnlyForDeploymentPostprocessing = 0;
		};
/* End PBXResourcesBuildPhase section */

/* Begin PBXSourcesBuildPhase section */
		963DDB782D8946B700B03077 /* Sources */ = {
			isa = PBXSourcesBuildPhase;
			buildActionMask = 2147483647;
			files = (
			);
			runOnlyForDeploymentPostprocessing = 0;
		};
		963DDB882D8946B800B03077 /* Sources */ = {
			isa = PBXSourcesBuildPhase;
			buildActionMask = 2147483647;
			files = (
			);
			runOnlyForDeploymentPostprocessing = 0;
		};
		963DDB922D8946B800B03077 /* Sources */ = {
			isa = PBXSourcesBuildPhase;
			buildActionMask = 2147483647;
			files = (
			);
			runOnlyForDeploymentPostprocessing = 0;
		};
/* End PBXSourcesBuildPhase section */

/* Begin PBXTargetDependency section */
		963DDB8E2D8946B800B03077 /* PBXTargetDependency */ = {
			isa = PBXTargetDependency;
			target = 963DDB7B2D8946B700B03077 /* Fleet Master */;
			targetProxy = 963DDB8D2D8946B800B03077 /* PBXContainerItemProxy */;
		};
		963DDB982D8946B800B03077 /* PBXTargetDependency */ = {
			isa = PBXTargetDependency;
			target = 963DDB7B2D8946B700B03077 /* Fleet Master */;
			targetProxy = 963DDB972D8946B800B03077 /* PBXContainerItemProxy */;
		};
/* End PBXTargetDependency section */

/* Begin XCBuildConfiguration section */
		963DDB9E2D8946B800B03077 /* Debug */ = {
			isa = XCBuildConfiguration;
			buildSettings = {
				ALWAYS_SEARCH_USER_PATHS = NO;
				ASSETCATALOG_COMPILER_GENERATE_SWIFT_ASSET_SYMBOL_EXTENSIONS = YES;
				CLANG_ANALYZER_NONNULL = YES;
				CLANG_ANALYZER_NUMBER_OBJECT_CONVERSION = YES_AGGRESSIVE;
				CLANG_CXX_LANGUAGE_STANDARD = "gnu++20";
				CLANG_ENABLE_MODULES = YES;
				CLANG_ENABLE_OBJC_ARC = YES;
				CLANG_ENABLE_OBJC_WEAK = YES;
				CLANG_WARN_BLOCK_CAPTURE_AUTORELEASING = YES;
				CLANG_WARN_BOOL_CONVERSION = YES;
				CLANG_WARN_COMMA = YES;
				CLANG_WARN_CONSTANT_CONVERSION = YES;
				CLANG_WARN_DEPRECATED_OBJC_IMPLEMENTATIONS = YES;
				CLANG_WARN_DIRECT_OBJC_ISA_USAGE = YES_ERROR;
				CLANG_WARN_DOCUMENTATION_COMMENTS = YES;
				CLANG_WARN_EMPTY_BODY = YES;
				CLANG_WARN_ENUM_CONVERSION = YES;
				CLANG_WARN_INFINITE_RECURSION = YES;
				CLANG_WARN_INT_CONVERSION = YES;
				CLANG_WARN_NON_LITERAL_NULL_CONVERSION = YES;
				CLANG_WARN_OBJC_IMPLICIT_RETAIN_SELF = YES;
				CLANG_WARN_OBJC_LITERAL_CONVERSION = YES;
				CLANG_WARN_OBJC_ROOT_CLASS = YES_ERROR;
				CLANG_WARN_QUOTED_INCLUDE_IN_FRAMEWORK_HEADER = YES;
				CLANG_WARN_RANGE_LOOP_ANALYSIS = YES;
				CLANG_WARN_STRICT_PROTOTYPES = YES;
				CLANG_WARN_SUSPICIOUS_MOVE = YES;
				CLANG_WARN_UNGUARDED_AVAILABILITY = YES_AGGRESSIVE;
				CLANG_WARN_UNREACHABLE_CODE = YES;
				CLANG_WARN__DUPLICATE_METHOD_MATCH = YES;
				COPY_PHASE_STRIP = NO;
				DEBUG_INFORMATION_FORMAT = dwarf;
				ENABLE_STRICT_OBJC_MSGSEND = YES;
				ENABLE_TESTABILITY = YES;
				ENABLE_USER_SCRIPT_SANDBOXING = YES;
				GCC_C_LANGUAGE_STANDARD = gnu17;
				GCC_DYNAMIC_NO_PIC = NO;
				GCC_NO_COMMON_BLOCKS = YES;
				GCC_OPTIMIZATION_LEVEL = 0;
				GCC_PREPROCESSOR_DEFINITIONS = (
					"DEBUG=1",
					"$(inherited)",
				);
				GCC_WARN_64_TO_32_BIT_CONVERSION = YES;
				GCC_WARN_ABOUT_RETURN_TYPE = YES_ERROR;
				GCC_WARN_UNDECLARED_SELECTOR = YES;
				GCC_WARN_UNINITIALIZED_AUTOS = YES_AGGRESSIVE;
				GCC_WARN_UNUSED_FUNCTION = YES;
				GCC_WARN_UNUSED_VARIABLE = YES;
				IPHONEOS_DEPLOYMENT_TARGET = 18.2;
				LOCALIZATION_PREFERS_STRING_CATALOGS = YES;
				MTL_ENABLE_DEBUG_INFO = INCLUDE_SOURCE;
				MTL_FAST_MATH = YES;
				ONLY_ACTIVE_ARCH = YES;
				SDKROOT = iphoneos;
				SWIFT_ACTIVE_COMPILATION_CONDITIONS = "DEBUG $(inherited)";
				SWIFT_OPTIMIZATION_LEVEL = "-Onone";
			};
			name = Debug;
		};
		963DDB9F2D8946B800B03077 /* Release */ = {
			isa = XCBuildConfiguration;
			buildSettings = {
				ALWAYS_SEARCH_USER_PATHS = NO;
				ASSETCATALOG_COMPILER_GENERATE_SWIFT_ASSET_SYMBOL_EXTENSIONS = YES;
				CLANG_ANALYZER_NONNULL = YES;
				CLANG_ANALYZER_NUMBER_OBJECT_CONVERSION = YES_AGGRESSIVE;
				CLANG_CXX_LANGUAGE_STANDARD = "gnu++20";
				CLANG_ENABLE_MODULES = YES;
				CLANG_ENABLE_OBJC_ARC = YES;
				CLANG_ENABLE_OBJC_WEAK = YES;
				CLANG_WARN_BLOCK_CAPTURE_AUTORELEASING = YES;
				CLANG_WARN_BOOL_CONVERSION = YES;
				CLANG_WARN_COMMA = YES;
				CLANG_WARN_CONSTANT_CONVERSION = YES;
				CLANG_WARN_DEPRECATED_OBJC_IMPLEMENTATIONS = YES;
				CLANG_WARN_DIRECT_OBJC_ISA_USAGE = YES_ERROR;
				CLANG_WARN_DOCUMENTATION_COMMENTS = YES;
				CLANG_WARN_EMPTY_BODY = YES;
				CLANG_WARN_ENUM_CONVERSION = YES;
				CLANG_WARN_INFINITE_RECURSION = YES;
				CLANG_WARN_INT_CONVERSION = YES;
				CLANG_WARN_NON_LITERAL_NULL_CONVERSION = YES;
				CLANG_WARN_OBJC_IMPLICIT_RETAIN_SELF = YES;
				CLANG_WARN_OBJC_LITERAL_CONVERSION = YES;
				CLANG_WARN_OBJC_ROOT_CLASS = YES_ERROR;
				CLANG_WARN_QUOTED_INCLUDE_IN_FRAMEWORK_HEADER = YES;
				CLANG_WARN_RANGE_LOOP_ANALYSIS = YES;
				CLANG_WARN_STRICT_PROTOTYPES = YES;
				CLANG_WARN_SUSPICIOUS_MOVE = YES;
				CLANG_WARN_UNGUARDED_AVAILABILITY = YES_AGGRESSIVE;
				CLANG_WARN_UNREACHABLE_CODE = YES;
				CLANG_WARN__DUPLICATE_METHOD_MATCH = YES;
				COPY_PHASE_STRIP = NO;
				DEBUG_INFORMATION_FORMAT = "dwarf-with-dsym";
				ENABLE_NS_ASSERTIONS = NO;
				ENABLE_STRICT_OBJC_MSGSEND = YES;
				ENABLE_USER_SCRIPT_SANDBOXING = YES;
				GCC_C_LANGUAGE_STANDARD = gnu17;
				GCC_NO_COMMON_BLOCKS = YES;
				GCC_WARN_64_TO_32_BIT_CONVERSION = YES;
				GCC_WARN_ABOUT_RETURN_TYPE = YES_ERROR;
				GCC_WARN_UNDECLARED_SELECTOR = YES;
				GCC_WARN_UNINITIALIZED_AUTOS = YES_AGGRESSIVE;
				GCC_WARN_UNUSED_FUNCTION = YES;
				GCC_WARN_UNUSED_VARIABLE = YES;
				IPHONEOS_DEPLOYMENT_TARGET = 18.2;
				LOCALIZATION_PREFERS_STRING_CATALOGS = YES;
				MTL_ENABLE_DEBUG_INFO = NO;
				MTL_FAST_MATH = YES;
				SDKROOT = iphoneos;
				SWIFT_COMPILATION_MODE = wholemodule;
				VALIDATE_PRODUCT = YES;
			};
			name = Release;
		};
		963DDBA12D8946B800B03077 /* Debug */ = {
			isa = XCBuildConfiguration;
			buildSettings = {
				ASSETCATALOG_COMPILER_APPICON_NAME = AppIcon;
				ASSETCATALOG_COMPILER_GLOBAL_ACCENT_COLOR_NAME = AccentColor;
				CODE_SIGN_STYLE = Automatic;
				CURRENT_PROJECT_VERSION = 1;
				DEVELOPMENT_ASSET_PATHS = "\"Fleet Master/Preview Content\"";
				DEVELOPMENT_TEAM = MM968H474S;
				ENABLE_PREVIEWS = YES;
				GENERATE_INFOPLIST_FILE = YES;
				INFOPLIST_KEY_LSApplicationCategoryType = "";
				INFOPLIST_KEY_NSLocationAlwaysAndWhenInUseUsageDescription = "";
				INFOPLIST_KEY_UIApplicationSceneManifest_Generation = YES;
				INFOPLIST_KEY_UIApplicationSupportsIndirectInputEvents = YES;
				INFOPLIST_KEY_UILaunchScreen_Generation = YES;
				INFOPLIST_KEY_UISupportedInterfaceOrientations_iPad = "UIInterfaceOrientationPortrait UIInterfaceOrientationPortraitUpsideDown UIInterfaceOrientationLandscapeLeft UIInterfaceOrientationLandscapeRight";
				INFOPLIST_KEY_UISupportedInterfaceOrientations_iPhone = "UIInterfaceOrientationPortrait UIInterfaceOrientationLandscapeLeft UIInterfaceOrientationLandscapeRight";
				LD_RUNPATH_SEARCH_PATHS = (
					"$(inherited)",
					"@executable_path/Frameworks",
				);
				MARKETING_VERSION = 1.0;
				PRODUCT_BUNDLE_IDENTIFIER = "com.infy.Fleet-Master1";
				PRODUCT_NAME = "$(TARGET_NAME)";
				SWIFT_EMIT_LOC_STRINGS = YES;
				SWIFT_VERSION = 5.0;
				TARGETED_DEVICE_FAMILY = "1,2";
			};
			name = Debug;
		};
		963DDBA22D8946B800B03077 /* Release */ = {
			isa = XCBuildConfiguration;
			buildSettings = {
				ASSETCATALOG_COMPILER_APPICON_NAME = AppIcon;
				ASSETCATALOG_COMPILER_GLOBAL_ACCENT_COLOR_NAME = AccentColor;
				CODE_SIGN_STYLE = Automatic;
				CURRENT_PROJECT_VERSION = 1;
				DEVELOPMENT_ASSET_PATHS = "\"Fleet Master/Preview Content\"";
				DEVELOPMENT_TEAM = MM968H474S;
				ENABLE_PREVIEWS = YES;
				GENERATE_INFOPLIST_FILE = YES;
				INFOPLIST_KEY_LSApplicationCategoryType = "";
				INFOPLIST_KEY_NSLocationAlwaysAndWhenInUseUsageDescription = "";
				INFOPLIST_KEY_UIApplicationSceneManifest_Generation = YES;
				INFOPLIST_KEY_UIApplicationSupportsIndirectInputEvents = YES;
				INFOPLIST_KEY_UILaunchScreen_Generation = YES;
				INFOPLIST_KEY_UISupportedInterfaceOrientations_iPad = "UIInterfaceOrientationPortrait UIInterfaceOrientationPortraitUpsideDown UIInterfaceOrientationLandscapeLeft UIInterfaceOrientationLandscapeRight";
				INFOPLIST_KEY_UISupportedInterfaceOrientations_iPhone = "UIInterfaceOrientationPortrait UIInterfaceOrientationLandscapeLeft UIInterfaceOrientationLandscapeRight";
				LD_RUNPATH_SEARCH_PATHS = (
					"$(inherited)",
					"@executable_path/Frameworks",
				);
				MARKETING_VERSION = 1.0;
				PRODUCT_BUNDLE_IDENTIFIER = "com.infy.Fleet-Master1";
				PRODUCT_NAME = "$(TARGET_NAME)";
				SWIFT_EMIT_LOC_STRINGS = YES;
				SWIFT_VERSION = 5.0;
				TARGETED_DEVICE_FAMILY = "1,2";
			};
			name = Release;
		};
		963DDBA42D8946B800B03077 /* Debug */ = {
			isa = XCBuildConfiguration;
			buildSettings = {
				BUNDLE_LOADER = "$(TEST_HOST)";
				CODE_SIGN_STYLE = Automatic;
				CURRENT_PROJECT_VERSION = 1;
				DEVELOPMENT_TEAM = MM968H474S;
				GENERATE_INFOPLIST_FILE = YES;
				IPHONEOS_DEPLOYMENT_TARGET = 18.2;
				MARKETING_VERSION = 1.0;
				PRODUCT_BUNDLE_IDENTIFIER = "com.infy.Fleet-MasterTests";
				PRODUCT_NAME = "$(TARGET_NAME)";
				SWIFT_EMIT_LOC_STRINGS = NO;
				SWIFT_VERSION = 5.0;
				TARGETED_DEVICE_FAMILY = "1,2";
				TEST_HOST = "$(BUILT_PRODUCTS_DIR)/Fleet Master.app/$(BUNDLE_EXECUTABLE_FOLDER_PATH)/Fleet Master";
			};
			name = Debug;
		};
		963DDBA52D8946B800B03077 /* Release */ = {
			isa = XCBuildConfiguration;
			buildSettings = {
				BUNDLE_LOADER = "$(TEST_HOST)";
				CODE_SIGN_STYLE = Automatic;
				CURRENT_PROJECT_VERSION = 1;
				DEVELOPMENT_TEAM = MM968H474S;
				GENERATE_INFOPLIST_FILE = YES;
				IPHONEOS_DEPLOYMENT_TARGET = 18.2;
				MARKETING_VERSION = 1.0;
				PRODUCT_BUNDLE_IDENTIFIER = "com.infy.Fleet-MasterTests";
				PRODUCT_NAME = "$(TARGET_NAME)";
				SWIFT_EMIT_LOC_STRINGS = NO;
				SWIFT_VERSION = 5.0;
				TARGETED_DEVICE_FAMILY = "1,2";
				TEST_HOST = "$(BUILT_PRODUCTS_DIR)/Fleet Master.app/$(BUNDLE_EXECUTABLE_FOLDER_PATH)/Fleet Master";
			};
			name = Release;
		};
		963DDBA72D8946B800B03077 /* Debug */ = {
			isa = XCBuildConfiguration;
			buildSettings = {
				CODE_SIGN_STYLE = Automatic;
				CURRENT_PROJECT_VERSION = 1;
				DEVELOPMENT_TEAM = MM968H474S;
				GENERATE_INFOPLIST_FILE = YES;
				MARKETING_VERSION = 1.0;
				PRODUCT_BUNDLE_IDENTIFIER = "com.infy.Fleet-MasterUITests";
				PRODUCT_NAME = "$(TARGET_NAME)";
				SWIFT_EMIT_LOC_STRINGS = NO;
				SWIFT_VERSION = 5.0;
				TARGETED_DEVICE_FAMILY = "1,2";
				TEST_TARGET_NAME = "Fleet Master";
			};
			name = Debug;
		};
		963DDBA82D8946B800B03077 /* Release */ = {
			isa = XCBuildConfiguration;
			buildSettings = {
				CODE_SIGN_STYLE = Automatic;
				CURRENT_PROJECT_VERSION = 1;
				DEVELOPMENT_TEAM = MM968H474S;
				GENERATE_INFOPLIST_FILE = YES;
				MARKETING_VERSION = 1.0;
				PRODUCT_BUNDLE_IDENTIFIER = "com.infy.Fleet-MasterUITests";
				PRODUCT_NAME = "$(TARGET_NAME)";
				SWIFT_EMIT_LOC_STRINGS = NO;
				SWIFT_VERSION = 5.0;
				TARGETED_DEVICE_FAMILY = "1,2";
				TEST_TARGET_NAME = "Fleet Master";
			};
			name = Release;
		};
/* End XCBuildConfiguration section */

/* Begin XCConfigurationList section */
		963DDB772D8946B700B03077 /* Build configuration list for PBXProject "Fleet Master" */ = {
			isa = XCConfigurationList;
			buildConfigurations = (
				963DDB9E2D8946B800B03077 /* Debug */,
				963DDB9F2D8946B800B03077 /* Release */,
			);
			defaultConfigurationIsVisible = 0;
			defaultConfigurationName = Release;
		};
		963DDBA02D8946B800B03077 /* Build configuration list for PBXNativeTarget "Fleet Master" */ = {
			isa = XCConfigurationList;
			buildConfigurations = (
				963DDBA12D8946B800B03077 /* Debug */,
				963DDBA22D8946B800B03077 /* Release */,
			);
			defaultConfigurationIsVisible = 0;
			defaultConfigurationName = Release;
		};
		963DDBA32D8946B800B03077 /* Build configuration list for PBXNativeTarget "Fleet MasterTests" */ = {
			isa = XCConfigurationList;
			buildConfigurations = (
				963DDBA42D8946B800B03077 /* Debug */,
				963DDBA52D8946B800B03077 /* Release */,
			);
			defaultConfigurationIsVisible = 0;
			defaultConfigurationName = Release;
		};
		963DDBA62D8946B800B03077 /* Build configuration list for PBXNativeTarget "Fleet MasterUITests" */ = {
			isa = XCConfigurationList;
			buildConfigurations = (
				963DDBA72D8946B800B03077 /* Debug */,
				963DDBA82D8946B800B03077 /* Release */,
			);
			defaultConfigurationIsVisible = 0;
			defaultConfigurationName = Release;
		};
/* End XCConfigurationList section */

/* Begin XCRemoteSwiftPackageReference section */
		96AD82512D8C3AA2004B0876 /* XCRemoteSwiftPackageReference "supabase-swift" */ = {
			isa = XCRemoteSwiftPackageReference;
			repositoryURL = "https://github.com/supabase/supabase-swift";
			requirement = {
				kind = upToNextMajorVersion;
				minimumVersion = 2.5.1;
			};
		};
		96B6DB5F2D9094DE001BF589 /* XCRemoteSwiftPackageReference "Swift-SMTP" */ = {
			isa = XCRemoteSwiftPackageReference;
			repositoryURL = "https://github.com/Kitura/Swift-SMTP";
			requirement = {
				kind = upToNextMajorVersion;
				minimumVersion = 6.0.0;
			};
		};
/* End XCRemoteSwiftPackageReference section */

/* Begin XCSwiftPackageProductDependency section */
		96AD82522D8C3AA2004B0876 /* Auth */ = {
			isa = XCSwiftPackageProductDependency;
			package = 96AD82512D8C3AA2004B0876 /* XCRemoteSwiftPackageReference "supabase-swift" */;
			productName = Auth;
		};
		96AD82542D8C3AA2004B0876 /* Functions */ = {
			isa = XCSwiftPackageProductDependency;
			package = 96AD82512D8C3AA2004B0876 /* XCRemoteSwiftPackageReference "supabase-swift" */;
			productName = Functions;
		};
		96AD82562D8C3AA2004B0876 /* PostgREST */ = {
			isa = XCSwiftPackageProductDependency;
			package = 96AD82512D8C3AA2004B0876 /* XCRemoteSwiftPackageReference "supabase-swift" */;
			productName = PostgREST;
		};
		96AD82582D8C3AA2004B0876 /* Realtime */ = {
			isa = XCSwiftPackageProductDependency;
			package = 96AD82512D8C3AA2004B0876 /* XCRemoteSwiftPackageReference "supabase-swift" */;
			productName = Realtime;
		};
		96AD825A2D8C3AA2004B0876 /* Storage */ = {
			isa = XCSwiftPackageProductDependency;
			package = 96AD82512D8C3AA2004B0876 /* XCRemoteSwiftPackageReference "supabase-swift" */;
			productName = Storage;
		};
		96AD82612D8C84FD004B0876 /* Supabase */ = {
			isa = XCSwiftPackageProductDependency;
			package = 96AD82512D8C3AA2004B0876 /* XCRemoteSwiftPackageReference "supabase-swift" */;
			productName = Supabase;
		};
		96B6DB602D9094DE001BF589 /* SwiftSMTP */ = {
			isa = XCSwiftPackageProductDependency;
			package = 96B6DB5F2D9094DE001BF589 /* XCRemoteSwiftPackageReference "Swift-SMTP" */;
			productName = SwiftSMTP;
		};
/* End XCSwiftPackageProductDependency section */
	};
	rootObject = 963DDB742D8946B700B03077 /* Project object */;
}
